
Microsoft Visual Studio Solution File, Format Version 12.00
# Visual Studio 15
VisualStudioVersion = 15.0.27004.2002
MinimumVisualStudioVersion = 10.0.40219.1
Project("{9A19103F-16F7-4668-BE54-9A1E7A4F7556}") = "Shipwreck.AppCenterRegistration", "Shipwreck.AppCenterRegistration\Shipwreck.AppCenterRegistration.csproj", "{9F170D24-1AD6-43AA-B692-A3DD3A6C59EF}"
EndProject
Project("{2150E333-8FDC-42A3-9474-1A3956D46DE8}") = "Solution Items", "Solution Items", "{93C54F9E-BC12-4E90-B6E8-784BCD0DD92A}"
	ProjectSection(SolutionItems) = preProject
		..\README.md = ..\README.md
	EndProjectSection
EndProject
Global
	GlobalSection(SolutionConfigurationPlatforms) = preSolution
		Debug|Any CPU = Debug|Any CPU
		Release|Any CPU = Release|Any CPU
	EndGlobalSection
	GlobalSection(ProjectConfigurationPlatforms) = postSolution
		{9F170D24-1AD6-43AA-B692-A3DD3A6C59EF}.Debug|Any CPU.ActiveCfg = Debug|Any CPU
		{9F170D24-1AD6-43AA-B692-A3DD3A6C59EF}.Debug|Any CPU.Build.0 = Debug|Any CPU
		{9F170D24-1AD6-43AA-B692-A3DD3A6C59EF}.Release|Any CPU.ActiveCfg = Release|Any CPU
		{9F170D24-1AD6-43AA-B692-A3DD3A6C59EF}.Release|Any CPU.Build.0 = Release|Any CPU
	EndGlobalSection
	GlobalSection(SolutionProperties) = preSolution
		HideSolutionNode = FALSE
	EndGlobalSection
	GlobalSection(ExtensibilityGlobals) = postSolution
		SolutionGuid = {BBD38385-4933-4E48-B1B0-FEC00972C244}
	EndGlobalSection
EndGlobal
